
Microsoft Visual Studio Solution File, Format Version 12.00
# Visual Studio Version 17
VisualStudioVersion = 17.11.35208.52
MinimumVisualStudioVersion = 10.0.40219.1
Project("{FAE04EC0-301F-11D3-BF4B-00C04F79EFBC}") = "WebAPI", "WebAPI\WebAPI.csproj", "{09F7FADB-00C5-417E-A5B0-C558AD8BE3A3}"
EndProject
Project("{FAE04EC0-301F-11D3-BF4B-00C04F79EFBC}") = "Entity", "Entity\Entity.csproj", "{106A7C4F-0423-4D31-9436-D55F27118156}"
EndProject
Project("{FAE04EC0-301F-11D3-BF4B-00C04F79EFBC}") = "Core", "Core\Core.csproj", "{E470A4C1-1D00-4C45-9BD5-409E7973B62E}"
EndProject
Project("{FAE04EC0-301F-11D3-BF4B-00C04F79EFBC}") = "DataAccess", "DataAccess\DataAccess.csproj", "{99FAEE72-0C80-48C8-BC8E-B0363D169451}"
EndProject
Project("{FAE04EC0-301F-11D3-BF4B-00C04F79EFBC}") = "Business", "Business\Business.csproj", "{F887F037-2135-4B4B-BFD4-96729B06EA19}"
EndProject
Global
	GlobalSection(SolutionConfigurationPlatforms) = preSolution
		Debug|Any CPU = Debug|Any CPU
		Release|Any CPU = Release|Any CPU
	EndGlobalSection
	GlobalSection(ProjectConfigurationPlatforms) = postSolution
		{09F7FADB-00C5-417E-A5B0-C558AD8BE3A3}.Debug|Any CPU.ActiveCfg = Debug|Any CPU
		{09F7FADB-00C5-417E-A5B0-C558AD8BE3A3}.Debug|Any CPU.Build.0 = Debug|Any CPU
		{09F7FADB-00C5-417E-A5B0-C558AD8BE3A3}.Release|Any CPU.ActiveCfg = Release|Any CPU
		{09F7FADB-00C5-417E-A5B0-C558AD8BE3A3}.Release|Any CPU.Build.0 = Release|Any CPU
		{106A7C4F-0423-4D31-9436-D55F27118156}.Debug|Any CPU.ActiveCfg = Debug|Any CPU
		{106A7C4F-0423-4D31-9436-D55F27118156}.Debug|Any CPU.Build.0 = Debug|Any CPU
		{106A7C4F-0423-4D31-9436-D55F27118156}.Release|Any CPU.ActiveCfg = Release|Any CPU
		{106A7C4F-0423-4D31-9436-D55F27118156}.Release|Any CPU.Build.0 = Release|Any CPU
		{E470A4C1-1D00-4C45-9BD5-409E7973B62E}.Debug|Any CPU.ActiveCfg = Debug|Any CPU
		{E470A4C1-1D00-4C45-9BD5-409E7973B62E}.Debug|Any CPU.Build.0 = Debug|Any CPU
		{E470A4C1-1D00-4C45-9BD5-409E7973B62E}.Release|Any CPU.ActiveCfg = Release|Any CPU
		{E470A4C1-1D00-4C45-9BD5-409E7973B62E}.Release|Any CPU.Build.0 = Release|Any CPU
		{99FAEE72-0C80-48C8-BC8E-B0363D169451}.Debug|Any CPU.ActiveCfg = Debug|Any CPU
		{99FAEE72-0C80-48C8-BC8E-B0363D169451}.Debug|Any CPU.Build.0 = Debug|Any CPU
		{99FAEE72-0C80-48C8-BC8E-B0363D169451}.Release|Any CPU.ActiveCfg = Release|Any CPU
		{99FAEE72-0C80-48C8-BC8E-B0363D169451}.Release|Any CPU.Build.0 = Release|Any CPU
		{F887F037-2135-4B4B-BFD4-96729B06EA19}.Debug|Any CPU.ActiveCfg = Debug|Any CPU
		{F887F037-2135-4B4B-BFD4-96729B06EA19}.Debug|Any CPU.Build.0 = Debug|Any CPU
		{F887F037-2135-4B4B-BFD4-96729B06EA19}.Release|Any CPU.ActiveCfg = Release|Any CPU
		{F887F037-2135-4B4B-BFD4-96729B06EA19}.Release|Any CPU.Build.0 = Release|Any CPU
	EndGlobalSection
	GlobalSection(SolutionProperties) = preSolution
		HideSolutionNode = FALSE
	EndGlobalSection
	GlobalSection(ExtensibilityGlobals) = postSolution
		SolutionGuid = {556D16EF-7B9D-45F2-9CB5-D4C8BD82520F}
	EndGlobalSection
EndGlobal
